
Microsoft Visual Studio Solution File, Format Version 12.00
# Visual Studio 15
VisualStudioVersion = 15.0.28010.2046
MinimumVisualStudioVersion = 10.0.40219.1
Project("{FAE04EC0-301F-11D3-BF4B-00C04F79EFBC}") = "Lab 13 examen", "Lab 13 examen\Lab 13 examen.csproj", "{AE30ED7A-E252-4E8E-B2DA-014E6357058E}"
EndProject
Project("{FAE04EC0-301F-11D3-BF4B-00C04F79EFBC}") = "Modelo", "Modelo\Modelo.csproj", "{FF47715B-9270-486E-B3E6-B150EC76DDBD}"
EndProject
Global
	GlobalSection(SolutionConfigurationPlatforms) = preSolution
		Debug|Any CPU = Debug|Any CPU
		Release|Any CPU = Release|Any CPU
	EndGlobalSection
	GlobalSection(ProjectConfigurationPlatforms) = postSolution
		{AE30ED7A-E252-4E8E-B2DA-014E6357058E}.Debug|Any CPU.ActiveCfg = Debug|Any CPU
		{AE30ED7A-E252-4E8E-B2DA-014E6357058E}.Debug|Any CPU.Build.0 = Debug|Any CPU
		{AE30ED7A-E252-4E8E-B2DA-014E6357058E}.Release|Any CPU.ActiveCfg = Release|Any CPU
		{AE30ED7A-E252-4E8E-B2DA-014E6357058E}.Release|Any CPU.Build.0 = Release|Any CPU
		{FF47715B-9270-486E-B3E6-B150EC76DDBD}.Debug|Any CPU.ActiveCfg = Debug|Any CPU
		{FF47715B-9270-486E-B3E6-B150EC76DDBD}.Debug|Any CPU.Build.0 = Debug|Any CPU
		{FF47715B-9270-486E-B3E6-B150EC76DDBD}.Release|Any CPU.ActiveCfg = Release|Any CPU
		{FF47715B-9270-486E-B3E6-B150EC76DDBD}.Release|Any CPU.Build.0 = Release|Any CPU
	EndGlobalSection
	GlobalSection(SolutionProperties) = preSolution
		HideSolutionNode = FALSE
	EndGlobalSection
	GlobalSection(ExtensibilityGlobals) = postSolution
		SolutionGuid = {77B538EF-3039-4D0F-8050-99BB639B7C14}
	EndGlobalSection
EndGlobal
